
Microsoft Visual Studio Solution File, Format Version 12.00
# Visual Studio Version 17
VisualStudioVersion = 17.2.32602.215
MinimumVisualStudioVersion = 10.0.40219.1
Project("{FAE04EC0-301F-11D3-BF4B-00C04F79EFBC}") = "Motorola unbrick tool2", "Motorola unbrick tool2\Motorola unbrick tool2.csproj", "{1560306A-6873-4CDF-9646-65C7A8112806}"
EndProject
Global
	GlobalSection(SolutionConfigurationPlatforms) = preSolution
		Debug|Any CPU = Debug|Any CPU
		Release|Any CPU = Release|Any CPU
	EndGlobalSection
	GlobalSection(ProjectConfigurationPlatforms) = postSolution
		{1560306A-6873-4CDF-9646-65C7A8112806}.Debug|Any CPU.ActiveCfg = Debug|Any CPU
		{1560306A-6873-4CDF-9646-65C7A8112806}.Debug|Any CPU.Build.0 = Debug|Any CPU
		{1560306A-6873-4CDF-9646-65C7A8112806}.Release|Any CPU.ActiveCfg = Release|Any CPU
		{1560306A-6873-4CDF-9646-65C7A8112806}.Release|Any CPU.Build.0 = Release|Any CPU
	EndGlobalSection
	GlobalSection(SolutionProperties) = preSolution
		HideSolutionNode = FALSE
	EndGlobalSection
	GlobalSection(ExtensibilityGlobals) = postSolution
		SolutionGuid = {FC6B22E0-809D-471C-83DF-47E86E4F2F8D}
	EndGlobalSection
EndGlobal
